
Microsoft Visual Studio Solution File, Format Version 12.00
# Visual Studio Version 17
VisualStudioVersion = 17.14.36518.9
MinimumVisualStudioVersion = 10.0.40219.1
Project("{FAE04EC0-301F-11D3-BF4B-00C04F79EFBC}") = "NULL OFFSET FINDER", "NULL OFFSET FINDER\NULL OFFSET FINDER.csproj", "{683CBC9A-F79F-44A1-BAB8-17C2E125EA52}"
EndProject
Global
	GlobalSection(SolutionConfigurationPlatforms) = preSolution
		Debug|Any CPU = Debug|Any CPU
		Release|Any CPU = Release|Any CPU
	EndGlobalSection
	GlobalSection(ProjectConfigurationPlatforms) = postSolution
		{683CBC9A-F79F-44A1-BAB8-17C2E125EA52}.Debug|Any CPU.ActiveCfg = Debug|Any CPU
		{683CBC9A-F79F-44A1-BAB8-17C2E125EA52}.Debug|Any CPU.Build.0 = Debug|Any CPU
		{683CBC9A-F79F-44A1-BAB8-17C2E125EA52}.Release|Any CPU.ActiveCfg = Release|Any CPU
		{683CBC9A-F79F-44A1-BAB8-17C2E125EA52}.Release|Any CPU.Build.0 = Release|Any CPU
	EndGlobalSection
	GlobalSection(SolutionProperties) = preSolution
		HideSolutionNode = FALSE
	EndGlobalSection
	GlobalSection(ExtensibilityGlobals) = postSolution
		SolutionGuid = {E290163E-4116-4239-9EE1-01B657C0A665}
	EndGlobalSection
EndGlobal
